
Microsoft Visual Studio Solution File, Format Version 12.00
# Visual Studio Version 17
VisualStudioVersion = 17.13.35919.96
MinimumVisualStudioVersion = 10.0.40219.1
Project("{8BC9CEB8-8B4A-11D0-8D11-00A0C91BC942}") = "GDP11_250404", "GDP11_250404\GDP11_250404.vcxproj", "{2D99F749-214C-4F15-84D0-BA8F0FB22FC2}"
EndProject
Project("{8BC9CEB8-8B4A-11D0-8D11-00A0C91BC942}") = "GDP11_250413", "GDP11_250413\GDP11_250413.vcxproj", "{FFBD14A4-8830-4E06-97F6-3B6AE5DF25DA}"
EndProject
Project("{8BC9CEB8-8B4A-11D0-8D11-00A0C91BC942}") = "GDP11_250420", "GDP11_250420\GDP11_250420.vcxproj", "{E72123D0-5915-418D-B1EC-3BDCD11B7C7B}"
EndProject
Global
	GlobalSection(SolutionConfigurationPlatforms) = preSolution
		Debug|x64 = Debug|x64
		Debug|x86 = Debug|x86
		Release|x64 = Release|x64
		Release|x86 = Release|x86
	EndGlobalSection
	GlobalSection(ProjectConfigurationPlatforms) = postSolution
		{2D99F749-214C-4F15-84D0-BA8F0FB22FC2}.Debug|x64.ActiveCfg = Debug|x64
		{2D99F749-214C-4F15-84D0-BA8F0FB22FC2}.Debug|x64.Build.0 = Debug|x64
		{2D99F749-214C-4F15-84D0-BA8F0FB22FC2}.Debug|x86.ActiveCfg = Debug|Win32
		{2D99F749-214C-4F15-84D0-BA8F0FB22FC2}.Debug|x86.Build.0 = Debug|Win32
		{2D99F749-214C-4F15-84D0-BA8F0FB22FC2}.Release|x64.ActiveCfg = Release|x64
		{2D99F749-214C-4F15-84D0-BA8F0FB22FC2}.Release|x64.Build.0 = Release|x64
		{2D99F749-214C-4F15-84D0-BA8F0FB22FC2}.Release|x86.ActiveCfg = Release|Win32
		{2D99F749-214C-4F15-84D0-BA8F0FB22FC2}.Release|x86.Build.0 = Release|Win32
		{FFBD14A4-8830-4E06-97F6-3B6AE5DF25DA}.Debug|x64.ActiveCfg = Debug|x64
		{FFBD14A4-8830-4E06-97F6-3B6AE5DF25DA}.Debug|x64.Build.0 = Debug|x64
		{FFBD14A4-8830-4E06-97F6-3B6AE5DF25DA}.Debug|x86.ActiveCfg = Debug|Win32
		{FFBD14A4-8830-4E06-97F6-3B6AE5DF25DA}.Debug|x86.Build.0 = Debug|Win32
		{FFBD14A4-8830-4E06-97F6-3B6AE5DF25DA}.Release|x64.ActiveCfg = Release|x64
		{FFBD14A4-8830-4E06-97F6-3B6AE5DF25DA}.Release|x64.Build.0 = Release|x64
		{FFBD14A4-8830-4E06-97F6-3B6AE5DF25DA}.Release|x86.ActiveCfg = Release|Win32
		{FFBD14A4-8830-4E06-97F6-3B6AE5DF25DA}.Release|x86.Build.0 = Release|Win32
		{E72123D0-5915-418D-B1EC-3BDCD11B7C7B}.Debug|x64.ActiveCfg = Debug|x64
		{E72123D0-5915-418D-B1EC-3BDCD11B7C7B}.Debug|x64.Build.0 = Debug|x64
		{E72123D0-5915-418D-B1EC-3BDCD11B7C7B}.Debug|x86.ActiveCfg = Debug|Win32
		{E72123D0-5915-418D-B1EC-3BDCD11B7C7B}.Debug|x86.Build.0 = Debug|Win32
		{E72123D0-5915-418D-B1EC-3BDCD11B7C7B}.Release|x64.ActiveCfg = Release|x64
		{E72123D0-5915-418D-B1EC-3BDCD11B7C7B}.Release|x64.Build.0 = Release|x64
		{E72123D0-5915-418D-B1EC-3BDCD11B7C7B}.Release|x86.ActiveCfg = Release|Win32
		{E72123D0-5915-418D-B1EC-3BDCD11B7C7B}.Release|x86.Build.0 = Release|Win32
	EndGlobalSection
	GlobalSection(SolutionProperties) = preSolution
		HideSolutionNode = FALSE
	EndGlobalSection
	GlobalSection(ExtensibilityGlobals) = postSolution
		SolutionGuid = {041372B1-583B-47B4-888C-453002D4691B}
	EndGlobalSection
EndGlobal
